
Microsoft Visual Studio Solution File, Format Version 12.00
# Visual Studio Version 17
VisualStudioVersion = 17.12.35707.178
MinimumVisualStudioVersion = 10.0.40219.1
Project("{FAE04EC0-301F-11D3-BF4B-00C04F79EFBC}") = "ShopConsimple", "shop-consimple\ShopConsimple.csproj", "{7E0347ED-E295-456E-AAD2-CE5212A2EB19}"
EndProject
Project("{FAE04EC0-301F-11D3-BF4B-00C04F79EFBC}") = "Domain", "Domain\Domain.csproj", "{FB195D8F-E27A-4418-B820-99EEA40D62AF}"
EndProject
Project("{FAE04EC0-301F-11D3-BF4B-00C04F79EFBC}") = "Repository", "Repository\Repository.csproj", "{DABCD123-A43E-4517-B5DD-C5BABE6A9940}"
	ProjectSection(ProjectDependencies) = postProject
		{FB195D8F-E27A-4418-B820-99EEA40D62AF} = {FB195D8F-E27A-4418-B820-99EEA40D62AF}
	EndProjectSection
EndProject
Project("{FAE04EC0-301F-11D3-BF4B-00C04F79EFBC}") = "Core", "Core\Core.csproj", "{9285475A-B960-43EA-A6DD-4691AFF37A5C}"
EndProject
Project("{FAE04EC0-301F-11D3-BF4B-00C04F79EFBC}") = "DTO", "DTO\DTO.csproj", "{66900344-AFD1-4626-88C6-76238B261850}"
EndProject
Global
	GlobalSection(SolutionConfigurationPlatforms) = preSolution
		Debug|Any CPU = Debug|Any CPU
		Release|Any CPU = Release|Any CPU
	EndGlobalSection
	GlobalSection(ProjectConfigurationPlatforms) = postSolution
		{7E0347ED-E295-456E-AAD2-CE5212A2EB19}.Debug|Any CPU.ActiveCfg = Debug|Any CPU
		{7E0347ED-E295-456E-AAD2-CE5212A2EB19}.Debug|Any CPU.Build.0 = Debug|Any CPU
		{7E0347ED-E295-456E-AAD2-CE5212A2EB19}.Release|Any CPU.ActiveCfg = Release|Any CPU
		{7E0347ED-E295-456E-AAD2-CE5212A2EB19}.Release|Any CPU.Build.0 = Release|Any CPU
		{FB195D8F-E27A-4418-B820-99EEA40D62AF}.Debug|Any CPU.ActiveCfg = Debug|Any CPU
		{FB195D8F-E27A-4418-B820-99EEA40D62AF}.Debug|Any CPU.Build.0 = Debug|Any CPU
		{FB195D8F-E27A-4418-B820-99EEA40D62AF}.Release|Any CPU.ActiveCfg = Release|Any CPU
		{FB195D8F-E27A-4418-B820-99EEA40D62AF}.Release|Any CPU.Build.0 = Release|Any CPU
		{DABCD123-A43E-4517-B5DD-C5BABE6A9940}.Debug|Any CPU.ActiveCfg = Debug|Any CPU
		{DABCD123-A43E-4517-B5DD-C5BABE6A9940}.Debug|Any CPU.Build.0 = Debug|Any CPU
		{DABCD123-A43E-4517-B5DD-C5BABE6A9940}.Release|Any CPU.ActiveCfg = Release|Any CPU
		{DABCD123-A43E-4517-B5DD-C5BABE6A9940}.Release|Any CPU.Build.0 = Release|Any CPU
		{9285475A-B960-43EA-A6DD-4691AFF37A5C}.Debug|Any CPU.ActiveCfg = Debug|Any CPU
		{9285475A-B960-43EA-A6DD-4691AFF37A5C}.Debug|Any CPU.Build.0 = Debug|Any CPU
		{9285475A-B960-43EA-A6DD-4691AFF37A5C}.Release|Any CPU.ActiveCfg = Release|Any CPU
		{9285475A-B960-43EA-A6DD-4691AFF37A5C}.Release|Any CPU.Build.0 = Release|Any CPU
		{66900344-AFD1-4626-88C6-76238B261850}.Debug|Any CPU.ActiveCfg = Debug|Any CPU
		{66900344-AFD1-4626-88C6-76238B261850}.Debug|Any CPU.Build.0 = Debug|Any CPU
		{66900344-AFD1-4626-88C6-76238B261850}.Release|Any CPU.ActiveCfg = Release|Any CPU
		{66900344-AFD1-4626-88C6-76238B261850}.Release|Any CPU.Build.0 = Release|Any CPU
	EndGlobalSection
	GlobalSection(SolutionProperties) = preSolution
		HideSolutionNode = FALSE
	EndGlobalSection
EndGlobal
